
Microsoft Visual Studio Solution File, Format Version 12.00
# Visual Studio 15
VisualStudioVersion = 15.0.27703.2000
MinimumVisualStudioVersion = 10.0.40219.1
Project("{FAE04EC0-301F-11D3-BF4B-00C04F79EFBC}") = "ATEAndBilling", "ATEAndBilling\ATEAndBilling.csproj", "{5C7920E1-801B-4D2B-8ED4-DF9443A82640}"
EndProject
Project("{2150E333-8FDC-42A3-9474-1A3956D46DE8}") = "Solution Items", "Solution Items", "{EB802F83-E581-4C4B-9B16-7D00D66C9329}"
ProjectSection(SolutionItems) = preProject
GCop.json = GCop.json
EndProjectSection
EndProject

Global
	GlobalSection(SolutionConfigurationPlatforms) = preSolution
		Debug|Any CPU = Debug|Any CPU
		Release|Any CPU = Release|Any CPU
	EndGlobalSection
	GlobalSection(ProjectConfigurationPlatforms) = postSolution
		{5C7920E1-801B-4D2B-8ED4-DF9443A82640}.Debug|Any CPU.ActiveCfg = Debug|Any CPU
		{5C7920E1-801B-4D2B-8ED4-DF9443A82640}.Debug|Any CPU.Build.0 = Debug|Any CPU
		{5C7920E1-801B-4D2B-8ED4-DF9443A82640}.Release|Any CPU.ActiveCfg = Release|Any CPU
		{5C7920E1-801B-4D2B-8ED4-DF9443A82640}.Release|Any CPU.Build.0 = Release|Any CPU
	EndGlobalSection
	GlobalSection(SolutionProperties) = preSolution
		HideSolutionNode = FALSE
	EndGlobalSection
	GlobalSection(ExtensibilityGlobals) = postSolution
		SolutionGuid = {47FE3C02-1C2C-4EFE-8528-1BD113C32769}
	EndGlobalSection
EndGlobal
